// !$*UTF8*$!
{
	archiveVersion = 1;
	classes = {
	};
	objectVersion = 46;
	objects = {

/* Begin PBXBuildFile section */
		085D55E31E6ED132004F082A /* SearchViewModel.swift in Sources */ = {isa = PBXBuildFile; fileRef = 085D55E21E6ED132004F082A /* SearchViewModel.swift */; };
		085D55E51E6ED185004F082A /* ViewModel.swift in Sources */ = {isa = PBXBuildFile; fileRef = 085D55E41E6ED184004F082A /* ViewModel.swift */; };
		085D55E71E6ED295004F082A /* HTTPState.swift in Sources */ = {isa = PBXBuildFile; fileRef = 085D55E61E6ED295004F082A /* HTTPState.swift */; };
		085D55EA1E6FADD0004F082A /* LoadingView.swift in Sources */ = {isa = PBXBuildFile; fileRef = 085D55E91E6FADD0004F082A /* LoadingView.swift */; };
		085D55EC1E6FADE4004F082A /* LoadingView.xib in Resources */ = {isa = PBXBuildFile; fileRef = 085D55EB1E6FADE4004F082A /* LoadingView.xib */; };
		08A174561E6D858000CA58B0 /* SearchViewController.storyboard in Resources */ = {isa = PBXBuildFile; fileRef = 08A174551E6D858000CA58B0 /* SearchViewController.storyboard */; };
		08A1745A1E6D85F600CA58B0 /* DetailViewController.storyboard in Resources */ = {isa = PBXBuildFile; fileRef = 08A174581E6D85F600CA58B0 /* DetailViewController.storyboard */; };
		08A1745B1E6D85F600CA58B0 /* DetailViewController.swift in Sources */ = {isa = PBXBuildFile; fileRef = 08A174591E6D85F600CA58B0 /* DetailViewController.swift */; };
		8C6260CA1E90BFC400E44518 /* User.swift in Sources */ = {isa = PBXBuildFile; fileRef = 8CA0DE721E6C65E700ACE628 /* User.swift */; };
		8C6260CB1E90C02700E44518 /* JSONDecodable.swift in Sources */ = {isa = PBXBuildFile; fileRef = 8CA0DE741E6C65E700ACE628 /* JSONDecodable.swift */; };
		8C6260CC1E90C06100E44518 /* JSONDecodeError.swift in Sources */ = {isa = PBXBuildFile; fileRef = 8CA0DE751E6C65E700ACE628 /* JSONDecodeError.swift */; };
		8CA0DE3A1E6A6BFC00ACE628 /* AppDelegate.swift in Sources */ = {isa = PBXBuildFile; fileRef = 8CA0DE391E6A6BFC00ACE628 /* AppDelegate.swift */; };
		8CA0DE4F1E6A6BFD00ACE628 /* GitHubSearchAppTests.swift in Sources */ = {isa = PBXBuildFile; fileRef = 8CA0DE4E1E6A6BFD00ACE628 /* GitHubSearchAppTests.swift */; };
		8CA0DE5A1E6A6BFD00ACE628 /* GitHubSearchAppUITests.swift in Sources */ = {isa = PBXBuildFile; fileRef = 8CA0DE591E6A6BFD00ACE628 /* GitHubSearchAppUITests.swift */; };
		8CA0DE771E6C65E700ACE628 /* GitHubClient.swift in Sources */ = {isa = PBXBuildFile; fileRef = 8CA0DE681E6C65E700ACE628 /* GitHubClient.swift */; };
		8CA0DE781E6C65E700ACE628 /* GitHubClientError.swift in Sources */ = {isa = PBXBuildFile; fileRef = 8CA0DE691E6C65E700ACE628 /* GitHubClientError.swift */; };
		8CA0DE791E6C65E700ACE628 /* GitHubRequest.swift in Sources */ = {isa = PBXBuildFile; fileRef = 8CA0DE6A1E6C65E700ACE628 /* GitHubRequest.swift */; };
		8CA0DE7A1E6C65E700ACE628 /* HTTPMethod.swift in Sources */ = {isa = PBXBuildFile; fileRef = 8CA0DE6B1E6C65E700ACE628 /* HTTPMethod.swift */; };
		8CA0DE7B1E6C65E700ACE628 /* GitHubAPI.swift in Sources */ = {isa = PBXBuildFile; fileRef = 8CA0DE6E1E6C65E700ACE628 /* GitHubAPI.swift */; };
		8CA0DE7C1E6C65E700ACE628 /* GitHubAPIError.swift in Sources */ = {isa = PBXBuildFile; fileRef = 8CA0DE6F1E6C65E700ACE628 /* GitHubAPIError.swift */; };
		8CA0DE7D1E6C65E700ACE628 /* Repository.swift in Sources */ = {isa = PBXBuildFile; fileRef = 8CA0DE701E6C65E700ACE628 /* Repository.swift */; };
		8CA0DE7E1E6C65E700ACE628 /* SearchResponse.swift in Sources */ = {isa = PBXBuildFile; fileRef = 8CA0DE711E6C65E700ACE628 /* SearchResponse.swift */; };
		8CA0DE7F1E6C65E700ACE628 /* User.swift in Sources */ = {isa = PBXBuildFile; fileRef = 8CA0DE721E6C65E700ACE628 /* User.swift */; };
		8CA0DE801E6C65E700ACE628 /* JSONDecodable.swift in Sources */ = {isa = PBXBuildFile; fileRef = 8CA0DE741E6C65E700ACE628 /* JSONDecodable.swift */; };
		8CA0DE811E6C65E700ACE628 /* JSONDecodeError.swift in Sources */ = {isa = PBXBuildFile; fileRef = 8CA0DE751E6C65E700ACE628 /* JSONDecodeError.swift */; };
		8CA0DE821E6C65E700ACE628 /* Result.swift in Sources */ = {isa = PBXBuildFile; fileRef = 8CA0DE761E6C65E700ACE628 /* Result.swift */; };
		8CA0DE8A1E6C664300ACE628 /* Assets.xcassets in Resources */ = {isa = PBXBuildFile; fileRef = 8CA0DE841E6C664300ACE628 /* Assets.xcassets */; };
		8CA0DE8B1E6C664300ACE628 /* LaunchScreen.storyboard in Resources */ = {isa = PBXBuildFile; fileRef = 8CA0DE851E6C664300ACE628 /* LaunchScreen.storyboard */; };
		8CA0DE901E6C666D00ACE628 /* SearchViewController.swift in Sources */ = {isa = PBXBuildFile; fileRef = 8CA0DE8F1E6C666D00ACE628 /* SearchViewController.swift */; };
/* End PBXBuildFile section */

/* Begin PBXContainerItemProxy section */
		8CA0DE4B1E6A6BFD00ACE628 /* PBXContainerItemProxy */ = {
			isa = PBXContainerItemProxy;
			containerPortal = 8CA0DE2E1E6A6BFC00ACE628 /* Project object */;
			proxyType = 1;
			remoteGlobalIDString = 8CA0DE351E6A6BFC00ACE628;
			remoteInfo = GitHubSearchApp;
		};
		8CA0DE561E6A6BFD00ACE628 /* PBXContainerItemProxy */ = {
			isa = PBXContainerItemProxy;
			containerPortal = 8CA0DE2E1E6A6BFC00ACE628 /* Project object */;
			proxyType = 1;
			remoteGlobalIDString = 8CA0DE351E6A6BFC00ACE628;
			remoteInfo = GitHubSearchApp;
		};
/* End PBXContainerItemProxy section */

/* Begin PBXFileReference section */
		085D55E21E6ED132004F082A /* SearchViewModel.swift */ = {isa = PBXFileReference; fileEncoding = 4; lastKnownFileType = sourcecode.swift; path = SearchViewModel.swift; sourceTree = "<group>"; };
		085D55E41E6ED184004F082A /* ViewModel.swift */ = {isa = PBXFileReference; fileEncoding = 4; lastKnownFileType = sourcecode.swift; path = ViewModel.swift; sourceTree = "<group>"; };
		085D55E61E6ED295004F082A /* HTTPState.swift */ = {isa = PBXFileReference; fileEncoding = 4; lastKnownFileType = sourcecode.swift; path = HTTPState.swift; sourceTree = "<group>"; };
		085D55E91E6FADD0004F082A /* LoadingView.swift */ = {isa = PBXFileReference; fileEncoding = 4; lastKnownFileType = sourcecode.swift; path = LoadingView.swift; sourceTree = "<group>"; };
		085D55EB1E6FADE4004F082A /* LoadingView.xib */ = {isa = PBXFileReference; fileEncoding = 4; lastKnownFileType = file.xib; path = LoadingView.xib; sourceTree = "<group>"; };
		08A174551E6D858000CA58B0 /* SearchViewController.storyboard */ = {isa = PBXFileReference; fileEncoding = 4; lastKnownFileType = file.storyboard; path = SearchViewController.storyboard; sourceTree = "<group>"; };
		08A174581E6D85F600CA58B0 /* DetailViewController.storyboard */ = {isa = PBXFileReference; fileEncoding = 4; lastKnownFileType = file.storyboard; path = DetailViewController.storyboard; sourceTree = "<group>"; };
		08A174591E6D85F600CA58B0 /* DetailViewController.swift */ = {isa = PBXFileReference; fileEncoding = 4; lastKnownFileType = sourcecode.swift; path = DetailViewController.swift; sourceTree = "<group>"; };
		8CA0DE361E6A6BFC00ACE628 /* GitHubSearchApp.app */ = {isa = PBXFileReference; explicitFileType = wrapper.application; includeInIndex = 0; path = GitHubSearchApp.app; sourceTree = BUILT_PRODUCTS_DIR; };
		8CA0DE391E6A6BFC00ACE628 /* AppDelegate.swift */ = {isa = PBXFileReference; lastKnownFileType = sourcecode.swift; path = AppDelegate.swift; sourceTree = "<group>"; };
		8CA0DE4A1E6A6BFD00ACE628 /* GitHubSearchAppTests.xctest */ = {isa = PBXFileReference; explicitFileType = wrapper.cfbundle; includeInIndex = 0; path = GitHubSearchAppTests.xctest; sourceTree = BUILT_PRODUCTS_DIR; };
		8CA0DE4E1E6A6BFD00ACE628 /* GitHubSearchAppTests.swift */ = {isa = PBXFileReference; lastKnownFileType = sourcecode.swift; path = GitHubSearchAppTests.swift; sourceTree = "<group>"; };
		8CA0DE501E6A6BFD00ACE628 /* Info.plist */ = {isa = PBXFileReference; lastKnownFileType = text.plist.xml; path = Info.plist; sourceTree = "<group>"; };
		8CA0DE551E6A6BFD00ACE628 /* GitHubSearchAppUITests.xctest */ = {isa = PBXFileReference; explicitFileType = wrapper.cfbundle; includeInIndex = 0; path = GitHubSearchAppUITests.xctest; sourceTree = BUILT_PRODUCTS_DIR; };
		8CA0DE591E6A6BFD00ACE628 /* GitHubSearchAppUITests.swift */ = {isa = PBXFileReference; lastKnownFileType = sourcecode.swift; path = GitHubSearchAppUITests.swift; sourceTree = "<group>"; };
		8CA0DE5B1E6A6BFD00ACE628 /* Info.plist */ = {isa = PBXFileReference; lastKnownFileType = text.plist.xml; path = Info.plist; sourceTree = "<group>"; };
		8CA0DE681E6C65E700ACE628 /* GitHubClient.swift */ = {isa = PBXFileReference; fileEncoding = 4; lastKnownFileType = sourcecode.swift; path = GitHubClient.swift; sourceTree = "<group>"; };
		8CA0DE691E6C65E700ACE628 /* GitHubClientError.swift */ = {isa = PBXFileReference; fileEncoding = 4; lastKnownFileType = sourcecode.swift; path = GitHubClientError.swift; sourceTree = "<group>"; };
		8CA0DE6A1E6C65E700ACE628 /* GitHubRequest.swift */ = {isa = PBXFileReference; fileEncoding = 4; lastKnownFileType = sourcecode.swift; path = GitHubRequest.swift; sourceTree = "<group>"; };
		8CA0DE6B1E6C65E700ACE628 /* HTTPMethod.swift */ = {isa = PBXFileReference; fileEncoding = 4; lastKnownFileType = sourcecode.swift; path = HTTPMethod.swift; sourceTree = "<group>"; };
		8CA0DE6E1E6C65E700ACE628 /* GitHubAPI.swift */ = {isa = PBXFileReference; fileEncoding = 4; lastKnownFileType = sourcecode.swift; path = GitHubAPI.swift; sourceTree = "<group>"; };
		8CA0DE6F1E6C65E700ACE628 /* GitHubAPIError.swift */ = {isa = PBXFileReference; fileEncoding = 4; lastKnownFileType = sourcecode.swift; path = GitHubAPIError.swift; sourceTree = "<group>"; };
		8CA0DE701E6C65E700ACE628 /* Repository.swift */ = {isa = PBXFileReference; fileEncoding = 4; lastKnownFileType = sourcecode.swift; path = Repository.swift; sourceTree = "<group>"; };
		8CA0DE711E6C65E700ACE628 /* SearchResponse.swift */ = {isa = PBXFileReference; fileEncoding = 4; lastKnownFileType = sourcecode.swift; path = SearchResponse.swift; sourceTree = "<group>"; };
		8CA0DE721E6C65E700ACE628 /* User.swift */ = {isa = PBXFileReference; fileEncoding = 4; lastKnownFileType = sourcecode.swift; path = User.swift; sourceTree = "<group>"; };
		8CA0DE741E6C65E700ACE628 /* JSONDecodable.swift */ = {isa = PBXFileReference; fileEncoding = 4; lastKnownFileType = sourcecode.swift; path = JSONDecodable.swift; sourceTree = "<group>"; };
		8CA0DE751E6C65E700ACE628 /* JSONDecodeError.swift */ = {isa = PBXFileReference; fileEncoding = 4; lastKnownFileType = sourcecode.swift; path = JSONDecodeError.swift; sourceTree = "<group>"; };
		8CA0DE761E6C65E700ACE628 /* Result.swift */ = {isa = PBXFileReference; fileEncoding = 4; lastKnownFileType = sourcecode.swift; path = Result.swift; sourceTree = "<group>"; };
		8CA0DE841E6C664300ACE628 /* Assets.xcassets */ = {isa = PBXFileReference; lastKnownFileType = folder.assetcatalog; path = Assets.xcassets; sourceTree = "<group>"; };
		8CA0DE861E6C664300ACE628 /* Base */ = {isa = PBXFileReference; lastKnownFileType = file.storyboard; name = Base; path = Base.lproj/LaunchScreen.storyboard; sourceTree = "<group>"; };
		8CA0DE891E6C664300ACE628 /* Info.plist */ = {isa = PBXFileReference; fileEncoding = 4; lastKnownFileType = text.plist.xml; path = Info.plist; sourceTree = "<group>"; };
		8CA0DE8F1E6C666D00ACE628 /* SearchViewController.swift */ = {isa = PBXFileReference; fileEncoding = 4; lastKnownFileType = sourcecode.swift; path = SearchViewController.swift; sourceTree = "<group>"; };
/* End PBXFileReference section */

/* Begin PBXFrameworksBuildPhase section */
		8CA0DE331E6A6BFC00ACE628 /* Frameworks */ = {
			isa = PBXFrameworksBuildPhase;
			buildActionMask = 2147483647;
			files = (
			);
			runOnlyForDeploymentPostprocessing = 0;
		};
		8CA0DE471E6A6BFD00ACE628 /* Frameworks */ = {
			isa = PBXFrameworksBuildPhase;
			buildActionMask = 2147483647;
			files = (
			);
			runOnlyForDeploymentPostprocessing = 0;
		};
		8CA0DE521E6A6BFD00ACE628 /* Frameworks */ = {
			isa = PBXFrameworksBuildPhase;
			buildActionMask = 2147483647;
			files = (
			);
			runOnlyForDeploymentPostprocessing = 0;
		};
/* End PBXFrameworksBuildPhase section */

/* Begin PBXGroup section */
		085D55E11E6ED0D7004F082A /* ViewModel */ = {
			isa = PBXGroup;
			children = (
				085D55E21E6ED132004F082A /* SearchViewModel.swift */,
				085D55E41E6ED184004F082A /* ViewModel.swift */,
			);
			path = ViewModel;
			sourceTree = "<group>";
		};
		085D55E81E6FADC2004F082A /* Loading */ = {
			isa = PBXGroup;
			children = (
				085D55E91E6FADD0004F082A /* LoadingView.swift */,
				085D55EB1E6FADE4004F082A /* LoadingView.xib */,
			);
			path = Loading;
			sourceTree = "<group>";
		};
		08A174571E6D85F600CA58B0 /* Detail */ = {
			isa = PBXGroup;
			children = (
				08A174581E6D85F600CA58B0 /* DetailViewController.storyboard */,
				08A174591E6D85F600CA58B0 /* DetailViewController.swift */,
			);
			path = Detail;
			sourceTree = "<group>";
		};
		8CA0DE2D1E6A6BFC00ACE628 = {
			isa = PBXGroup;
			children = (
				8CA0DE381E6A6BFC00ACE628 /* GitHubSearchApp */,
				8CA0DE4D1E6A6BFD00ACE628 /* GitHubSearchAppTests */,
				8CA0DE581E6A6BFD00ACE628 /* GitHubSearchAppUITests */,
				8CA0DE371E6A6BFC00ACE628 /* Products */,
			);
			sourceTree = "<group>";
		};
		8CA0DE371E6A6BFC00ACE628 /* Products */ = {
			isa = PBXGroup;
			children = (
				8CA0DE361E6A6BFC00ACE628 /* GitHubSearchApp.app */,
				8CA0DE4A1E6A6BFD00ACE628 /* GitHubSearchAppTests.xctest */,
				8CA0DE551E6A6BFD00ACE628 /* GitHubSearchAppUITests.xctest */,
			);
			name = Products;
			sourceTree = "<group>";
		};
		8CA0DE381E6A6BFC00ACE628 /* GitHubSearchApp */ = {
			isa = PBXGroup;
			children = (
				8CA0DE391E6A6BFC00ACE628 /* AppDelegate.swift */,
				8CA0DE671E6C65E700ACE628 /* HTTPRequest */,
				8CA0DE6C1E6C65E700ACE628 /* Model */,
				8CA0DE8E1E6C666D00ACE628 /* View */,
				085D55E11E6ED0D7004F082A /* ViewModel */,
				8CA0DE831E6C664300ACE628 /* Supporting Files */,
			);
			path = GitHubSearchApp;
			sourceTree = "<group>";
		};
		8CA0DE4D1E6A6BFD00ACE628 /* GitHubSearchAppTests */ = {
			isa = PBXGroup;
			children = (
				8CA0DE4E1E6A6BFD00ACE628 /* GitHubSearchAppTests.swift */,
				8CA0DE501E6A6BFD00ACE628 /* Info.plist */,
			);
			path = GitHubSearchAppTests;
			sourceTree = "<group>";
		};
		8CA0DE581E6A6BFD00ACE628 /* GitHubSearchAppUITests */ = {
			isa = PBXGroup;
			children = (
				8CA0DE591E6A6BFD00ACE628 /* GitHubSearchAppUITests.swift */,
				8CA0DE5B1E6A6BFD00ACE628 /* Info.plist */,
			);
			path = GitHubSearchAppUITests;
			sourceTree = "<group>";
		};
		8CA0DE671E6C65E700ACE628 /* HTTPRequest */ = {
			isa = PBXGroup;
			children = (
				8CA0DE681E6C65E700ACE628 /* GitHubClient.swift */,
				8CA0DE691E6C65E700ACE628 /* GitHubClientError.swift */,
				8CA0DE6A1E6C65E700ACE628 /* GitHubRequest.swift */,
				8CA0DE6B1E6C65E700ACE628 /* HTTPMethod.swift */,
				085D55E61E6ED295004F082A /* HTTPState.swift */,
			);
			path = HTTPRequest;
			sourceTree = "<group>";
		};
		8CA0DE6C1E6C65E700ACE628 /* Model */ = {
			isa = PBXGroup;
			children = (
				8CA0DE6D1E6C65E700ACE628 /* GitHub */,
				8CA0DE731E6C65E700ACE628 /* JSON */,
				8CA0DE761E6C65E700ACE628 /* Result.swift */,
			);
			path = Model;
			sourceTree = "<group>";
		};
		8CA0DE6D1E6C65E700ACE628 /* GitHub */ = {
			isa = PBXGroup;
			children = (
				8CA0DE6E1E6C65E700ACE628 /* GitHubAPI.swift */,
				8CA0DE6F1E6C65E700ACE628 /* GitHubAPIError.swift */,
				8CA0DE701E6C65E700ACE628 /* Repository.swift */,
				8CA0DE711E6C65E700ACE628 /* SearchResponse.swift */,
				8CA0DE721E6C65E700ACE628 /* User.swift */,
			);
			path = GitHub;
			sourceTree = "<group>";
		};
		8CA0DE731E6C65E700ACE628 /* JSON */ = {
			isa = PBXGroup;
			children = (
				8CA0DE741E6C65E700ACE628 /* JSONDecodable.swift */,
				8CA0DE751E6C65E700ACE628 /* JSONDecodeError.swift */,
			);
			path = JSON;
			sourceTree = "<group>";
		};
		8CA0DE831E6C664300ACE628 /* Supporting Files */ = {
			isa = PBXGroup;
			children = (
				8CA0DE841E6C664300ACE628 /* Assets.xcassets */,
				8CA0DE851E6C664300ACE628 /* LaunchScreen.storyboard */,
				8CA0DE891E6C664300ACE628 /* Info.plist */,
			);
			path = "Supporting Files";
			sourceTree = "<group>";
		};
		8CA0DE8E1E6C666D00ACE628 /* View */ = {
			isa = PBXGroup;
			children = (
				08A174571E6D85F600CA58B0 /* Detail */,
				085D55E81E6FADC2004F082A /* Loading */,
				08A174551E6D858000CA58B0 /* SearchViewController.storyboard */,
				8CA0DE8F1E6C666D00ACE628 /* SearchViewController.swift */,
			);
			path = View;
			sourceTree = "<group>";
		};
/* End PBXGroup section */

/* Begin PBXNativeTarget section */
		8CA0DE351E6A6BFC00ACE628 /* GitHubSearchApp */ = {
			isa = PBXNativeTarget;
			buildConfigurationList = 8CA0DE5E1E6A6BFD00ACE628 /* Build configuration list for PBXNativeTarget "GitHubSearchApp" */;
			buildPhases = (
				8CA0DE321E6A6BFC00ACE628 /* Sources */,
				8CA0DE331E6A6BFC00ACE628 /* Frameworks */,
				8CA0DE341E6A6BFC00ACE628 /* Resources */,
				8C6260CD1E9698A100E44518 /* ShellScript */,
			);
			buildRules = (
			);
			dependencies = (
			);
			name = GitHubSearchApp;
			productName = GitHubSearchApp;
			productReference = 8CA0DE361E6A6BFC00ACE628 /* GitHubSearchApp.app */;
			productType = "com.apple.product-type.application";
		};
		8CA0DE491E6A6BFD00ACE628 /* GitHubSearchAppTests */ = {
			isa = PBXNativeTarget;
			buildConfigurationList = 8CA0DE611E6A6BFD00ACE628 /* Build configuration list for PBXNativeTarget "GitHubSearchAppTests" */;
			buildPhases = (
				8CA0DE461E6A6BFD00ACE628 /* Sources */,
				8CA0DE471E6A6BFD00ACE628 /* Frameworks */,
				8CA0DE481E6A6BFD00ACE628 /* Resources */,
			);
			buildRules = (
			);
			dependencies = (
				8CA0DE4C1E6A6BFD00ACE628 /* PBXTargetDependency */,
			);
			name = GitHubSearchAppTests;
			productName = GitHubSearchAppTests;
			productReference = 8CA0DE4A1E6A6BFD00ACE628 /* GitHubSearchAppTests.xctest */;
			productType = "com.apple.product-type.bundle.unit-test";
		};
		8CA0DE541E6A6BFD00ACE628 /* GitHubSearchAppUITests */ = {
			isa = PBXNativeTarget;
			buildConfigurationList = 8CA0DE641E6A6BFD00ACE628 /* Build configuration list for PBXNativeTarget "GitHubSearchAppUITests" */;
			buildPhases = (
				8CA0DE511E6A6BFD00ACE628 /* Sources */,
				8CA0DE521E6A6BFD00ACE628 /* Frameworks */,
				8CA0DE531E6A6BFD00ACE628 /* Resources */,
			);
			buildRules = (
			);
			dependencies = (
				8CA0DE571E6A6BFD00ACE628 /* PBXTargetDependency */,
			);
			name = GitHubSearchAppUITests;
			productName = GitHubSearchAppUITests;
			productReference = 8CA0DE551E6A6BFD00ACE628 /* GitHubSearchAppUITests.xctest */;
			productType = "com.apple.product-type.bundle.ui-testing";
		};
/* End PBXNativeTarget section */

/* Begin PBXProject section */
		8CA0DE2E1E6A6BFC00ACE628 /* Project object */ = {
			isa = PBXProject;
			attributes = {
				LastSwiftUpdateCheck = 0820;
				LastUpgradeCheck = 0820;
				ORGANIZATIONNAME = "Masanori";
				TargetAttributes = {
					8CA0DE351E6A6BFC00ACE628 = {
						CreatedOnToolsVersion = 8.2.1;
						ProvisioningStyle = Automatic;
					};
					8CA0DE491E6A6BFD00ACE628 = {
						CreatedOnToolsVersion = 8.2.1;
						ProvisioningStyle = Automatic;
						TestTargetID = 8CA0DE351E6A6BFC00ACE628;
					};
					8CA0DE541E6A6BFD00ACE628 = {
						CreatedOnToolsVersion = 8.2.1;
						ProvisioningStyle = Automatic;
						TestTargetID = 8CA0DE351E6A6BFC00ACE628;
					};
				};
			};
			buildConfigurationList = 8CA0DE311E6A6BFC00ACE628 /* Build configuration list for PBXProject "GitHubSearchApp" */;
			compatibilityVersion = "Xcode 3.2";
			developmentRegion = English;
			hasScannedForEncodings = 0;
			knownRegions = (
				en,
				Base,
			);
			mainGroup = 8CA0DE2D1E6A6BFC00ACE628;
			productRefGroup = 8CA0DE371E6A6BFC00ACE628 /* Products */;
			projectDirPath = "";
			projectRoot = "";
			targets = (
				8CA0DE351E6A6BFC00ACE628 /* GitHubSearchApp */,
				8CA0DE491E6A6BFD00ACE628 /* GitHubSearchAppTests */,
				8CA0DE541E6A6BFD00ACE628 /* GitHubSearchAppUITests */,
			);
		};
/* End PBXProject section */

/* Begin PBXResourcesBuildPhase section */
		8CA0DE341E6A6BFC00ACE628 /* Resources */ = {
			isa = PBXResourcesBuildPhase;
			buildActionMask = 2147483647;
			files = (
				8CA0DE8A1E6C664300ACE628 /* Assets.xcassets in Resources */,
				08A174561E6D858000CA58B0 /* SearchViewController.storyboard in Resources */,
				08A1745A1E6D85F600CA58B0 /* DetailViewController.storyboard in Resources */,
				085D55EC1E6FADE4004F082A /* LoadingView.xib in Resources */,
				8CA0DE8B1E6C664300ACE628 /* LaunchScreen.storyboard in Resources */,
			);
			runOnlyForDeploymentPostprocessing = 0;
		};
		8CA0DE481E6A6BFD00ACE628 /* Resources */ = {
			isa = PBXResourcesBuildPhase;
			buildActionMask = 2147483647;
			files = (
			);
			runOnlyForDeploymentPostprocessing = 0;
		};
		8CA0DE531E6A6BFD00ACE628 /* Resources */ = {
			isa = PBXResourcesBuildPhase;
			buildActionMask = 2147483647;
			files = (
			);
			runOnlyForDeploymentPostprocessing = 0;
		};
/* End PBXResourcesBuildPhase section */

/* Begin PBXShellScriptBuildPhase section */
		8C6260CD1E9698A100E44518 /* ShellScript */ = {
			isa = PBXShellScriptBuildPhase;
			buildActionMask = 2147483647;
			files = (
			);
			inputPaths = (
			);
			outputPaths = (
			);
			runOnlyForDeploymentPostprocessing = 0;
			shellPath = /bin/sh;
			shellScript = "if which swiftlint >/dev/null; then\nswiftlint\nelse\necho \"SwiftLint does not exist, download from https://github.com/realm/SwiftLint\"\nfi";
		};
/* End PBXShellScriptBuildPhase section */

/* Begin PBXSourcesBuildPhase section */
		8CA0DE321E6A6BFC00ACE628 /* Sources */ = {
			isa = PBXSourcesBuildPhase;
			buildActionMask = 2147483647;
			files = (
				8CA0DE811E6C65E700ACE628 /* JSONDecodeError.swift in Sources */,
				8CA0DE791E6C65E700ACE628 /* GitHubRequest.swift in Sources */,
				085D55E31E6ED132004F082A /* SearchViewModel.swift in Sources */,
				8CA0DE771E6C65E700ACE628 /* GitHubClient.swift in Sources */,
				8CA0DE7A1E6C65E700ACE628 /* HTTPMethod.swift in Sources */,
				8CA0DE821E6C65E700ACE628 /* Result.swift in Sources */,
				085D55E51E6ED185004F082A /* ViewModel.swift in Sources */,
				085D55E71E6ED295004F082A /* HTTPState.swift in Sources */,
				8CA0DE801E6C65E700ACE628 /* JSONDecodable.swift in Sources */,
				8CA0DE901E6C666D00ACE628 /* SearchViewController.swift in Sources */,
				8CA0DE781E6C65E700ACE628 /* GitHubClientError.swift in Sources */,
				8CA0DE7B1E6C65E700ACE628 /* GitHubAPI.swift in Sources */,
				8CA0DE7E1E6C65E700ACE628 /* SearchResponse.swift in Sources */,
				8CA0DE7C1E6C65E700ACE628 /* GitHubAPIError.swift in Sources */,
				8CA0DE3A1E6A6BFC00ACE628 /* AppDelegate.swift in Sources */,
				08A1745B1E6D85F600CA58B0 /* DetailViewController.swift in Sources */,
				8CA0DE7D1E6C65E700ACE628 /* Repository.swift in Sources */,
				085D55EA1E6FADD0004F082A /* LoadingView.swift in Sources */,
				8CA0DE7F1E6C65E700ACE628 /* User.swift in Sources */,
			);
			runOnlyForDeploymentPostprocessing = 0;
		};
		8CA0DE461E6A6BFD00ACE628 /* Sources */ = {
			isa = PBXSourcesBuildPhase;
			buildActionMask = 2147483647;
			files = (
				8C6260CC1E90C06100E44518 /* JSONDecodeError.swift in Sources */,
				8C6260CB1E90C02700E44518 /* JSONDecodable.swift in Sources */,
				8C6260CA1E90BFC400E44518 /* User.swift in Sources */,
				8CA0DE4F1E6A6BFD00ACE628 /* GitHubSearchAppTests.swift in Sources */,
			);
			runOnlyForDeploymentPostprocessing = 0;
		};
		8CA0DE511E6A6BFD00ACE628 /* Sources */ = {
			isa = PBXSourcesBuildPhase;
			buildActionMask = 2147483647;
			files = (
				8CA0DE5A1E6A6BFD00ACE628 /* GitHubSearchAppUITests.swift in Sources */,
			);
			runOnlyForDeploymentPostprocessing = 0;
		};
/* End PBXSourcesBuildPhase section */

/* Begin PBXTargetDependency section */
		8CA0DE4C1E6A6BFD00ACE628 /* PBXTargetDependency */ = {
			isa = PBXTargetDependency;
			target = 8CA0DE351E6A6BFC00ACE628 /* GitHubSearchApp */;
			targetProxy = 8CA0DE4B1E6A6BFD00ACE628 /* PBXContainerItemProxy */;
		};
		8CA0DE571E6A6BFD00ACE628 /* PBXTargetDependency */ = {
			isa = PBXTargetDependency;
			target = 8CA0DE351E6A6BFC00ACE628 /* GitHubSearchApp */;
			targetProxy = 8CA0DE561E6A6BFD00ACE628 /* PBXContainerItemProxy */;
		};
/* End PBXTargetDependency section */

/* Begin PBXVariantGroup section */
		8CA0DE851E6C664300ACE628 /* LaunchScreen.storyboard */ = {
			isa = PBXVariantGroup;
			children = (
				8CA0DE861E6C664300ACE628 /* Base */,
			);
			name = LaunchScreen.storyboard;
			sourceTree = "<group>";
		};
/* End PBXVariantGroup section */

/* Begin XCBuildConfiguration section */
		8CA0DE5C1E6A6BFD00ACE628 /* Debug */ = {
			isa = XCBuildConfiguration;
			buildSettings = {
				ALWAYS_SEARCH_USER_PATHS = NO;
				CLANG_ANALYZER_NONNULL = YES;
				CLANG_CXX_LANGUAGE_STANDARD = "gnu++0x";
				CLANG_CXX_LIBRARY = "libc++";
				CLANG_ENABLE_MODULES = YES;
				CLANG_ENABLE_OBJC_ARC = YES;
				CLANG_WARN_BOOL_CONVERSION = YES;
				CLANG_WARN_CONSTANT_CONVERSION = YES;
				CLANG_WARN_DIRECT_OBJC_ISA_USAGE = YES_ERROR;
				CLANG_WARN_DOCUMENTATION_COMMENTS = YES;
				CLANG_WARN_EMPTY_BODY = YES;
				CLANG_WARN_ENUM_CONVERSION = YES;
				CLANG_WARN_INFINITE_RECURSION = YES;
				CLANG_WARN_INT_CONVERSION = YES;
				CLANG_WARN_OBJC_ROOT_CLASS = YES_ERROR;
				CLANG_WARN_SUSPICIOUS_MOVE = YES;
				CLANG_WARN_UNREACHABLE_CODE = YES;
				CLANG_WARN__DUPLICATE_METHOD_MATCH = YES;
				"CODE_SIGN_IDENTITY[sdk=iphoneos*]" = "iPhone Developer";
				COPY_PHASE_STRIP = NO;
				DEBUG_INFORMATION_FORMAT = dwarf;
				ENABLE_STRICT_OBJC_MSGSEND = YES;
				ENABLE_TESTABILITY = YES;
				GCC_C_LANGUAGE_STANDARD = gnu99;
				GCC_DYNAMIC_NO_PIC = NO;
				GCC_NO_COMMON_BLOCKS = YES;
				GCC_OPTIMIZATION_LEVEL = 0;
				GCC_PREPROCESSOR_DEFINITIONS = (
					"DEBUG=1",
					"$(inherited)",
				);
				GCC_WARN_64_TO_32_BIT_CONVERSION = YES;
				GCC_WARN_ABOUT_RETURN_TYPE = YES_ERROR;
				GCC_WARN_UNDECLARED_SELECTOR = YES;
				GCC_WARN_UNINITIALIZED_AUTOS = YES_AGGRESSIVE;
				GCC_WARN_UNUSED_FUNCTION = YES;
				GCC_WARN_UNUSED_VARIABLE = YES;
				IPHONEOS_DEPLOYMENT_TARGET = 10.2;
				MTL_ENABLE_DEBUG_INFO = YES;
				ONLY_ACTIVE_ARCH = YES;
				SDKROOT = iphoneos;
				SWIFT_ACTIVE_COMPILATION_CONDITIONS = DEBUG;
				SWIFT_OPTIMIZATION_LEVEL = "-Onone";
				TARGETED_DEVICE_FAMILY = "1,2";
			};
			name = Debug;
		};
		8CA0DE5D1E6A6BFD00ACE628 /* Release */ = {
			isa = XCBuildConfiguration;
			buildSettings = {
				ALWAYS_SEARCH_USER_PATHS = NO;
				CLANG_ANALYZER_NONNULL = YES;
				CLANG_CXX_LANGUAGE_STANDARD = "gnu++0x";
				CLANG_CXX_LIBRARY = "libc++";
				CLANG_ENABLE_MODULES = YES;
				CLANG_ENABLE_OBJC_ARC = YES;
				CLANG_WARN_BOOL_CONVERSION = YES;
				CLANG_WARN_CONSTANT_CONVERSION = YES;
				CLANG_WARN_DIRECT_OBJC_ISA_USAGE = YES_ERROR;
				CLANG_WARN_DOCUMENTATION_COMMENTS = YES;
				CLANG_WARN_EMPTY_BODY = YES;
				CLANG_WARN_ENUM_CONVERSION = YES;
				CLANG_WARN_INFINITE_RECURSION = YES;
				CLANG_WARN_INT_CONVERSION = YES;
				CLANG_WARN_OBJC_ROOT_CLASS = YES_ERROR;
				CLANG_WARN_SUSPICIOUS_MOVE = YES;
				CLANG_WARN_UNREACHABLE_CODE = YES;
				CLANG_WARN__DUPLICATE_METHOD_MATCH = YES;
				"CODE_SIGN_IDENTITY[sdk=iphoneos*]" = "iPhone Developer";
				COPY_PHASE_STRIP = NO;
				DEBUG_INFORMATION_FORMAT = "dwarf-with-dsym";
				ENABLE_NS_ASSERTIONS = NO;
				ENABLE_STRICT_OBJC_MSGSEND = YES;
				GCC_C_LANGUAGE_STANDARD = gnu99;
				GCC_NO_COMMON_BLOCKS = YES;
				GCC_WARN_64_TO_32_BIT_CONVERSION = YES;
				GCC_WARN_ABOUT_RETURN_TYPE = YES_ERROR;
				GCC_WARN_UNDECLARED_SELECTOR = YES;
				GCC_WARN_UNINITIALIZED_AUTOS = YES_AGGRESSIVE;
				GCC_WARN_UNUSED_FUNCTION = YES;
				GCC_WARN_UNUSED_VARIABLE = YES;
				IPHONEOS_DEPLOYMENT_TARGET = 10.2;
				MTL_ENABLE_DEBUG_INFO = NO;
				SDKROOT = iphoneos;
				SWIFT_OPTIMIZATION_LEVEL = "-Owholemodule";
				TARGETED_DEVICE_FAMILY = "1,2";
				VALIDATE_PRODUCT = YES;
			};
			name = Release;
		};
		8CA0DE5F1E6A6BFD00ACE628 /* Debug */ = {
			isa = XCBuildConfiguration;
			buildSettings = {
				ASSETCATALOG_COMPILER_APPICON_NAME = AppIcon;
				INFOPLIST_FILE = "GitHubSearchApp/Supporting Files/Info.plist";
				LD_RUNPATH_SEARCH_PATHS = "$(inherited) @executable_path/Frameworks";
				PRODUCT_BUNDLE_IDENTIFIER = com.example.GitHubSearchApp;
				PRODUCT_NAME = "$(TARGET_NAME)";
				SWIFT_VERSION = 3.0;
			};
			name = Debug;
		};
		8CA0DE601E6A6BFD00ACE628 /* Release */ = {
			isa = XCBuildConfiguration;
			buildSettings = {
				ASSETCATALOG_COMPILER_APPICON_NAME = AppIcon;
				INFOPLIST_FILE = "GitHubSearchApp/Supporting Files/Info.plist";
				LD_RUNPATH_SEARCH_PATHS = "$(inherited) @executable_path/Frameworks";
				PRODUCT_BUNDLE_IDENTIFIER = com.example.GitHubSearchApp;
				PRODUCT_NAME = "$(TARGET_NAME)";
				SWIFT_VERSION = 3.0;
			};
			name = Release;
		};
		8CA0DE621E6A6BFD00ACE628 /* Debug */ = {
			isa = XCBuildConfiguration;
			buildSettings = {
				ALWAYS_EMBED_SWIFT_STANDARD_LIBRARIES = YES;
				INFOPLIST_FILE = GitHubSearchAppTests/Info.plist;
				LD_RUNPATH_SEARCH_PATHS = "$(inherited) @executable_path/Frameworks @loader_path/Frameworks";
				PRODUCT_BUNDLE_IDENTIFIER = com.example.GitHubSearchAppTests;
				PRODUCT_NAME = "$(TARGET_NAME)";
				SWIFT_VERSION = 3.0;
				TEST_HOST = "$(BUILT_PRODUCTS_DIR)/GitHubSearchApp.app/GitHubSearchApp";
			};
			name = Debug;
		};
		8CA0DE631E6A6BFD00ACE628 /* Release */ = {
			isa = XCBuildConfiguration;
			buildSettings = {
				ALWAYS_EMBED_SWIFT_STANDARD_LIBRARIES = YES;
				INFOPLIST_FILE = GitHubSearchAppTests/Info.plist;
				LD_RUNPATH_SEARCH_PATHS = "$(inherited) @executable_path/Frameworks @loader_path/Frameworks";
				PRODUCT_BUNDLE_IDENTIFIER = com.example.GitHubSearchAppTests;
				PRODUCT_NAME = "$(TARGET_NAME)";
				SWIFT_VERSION = 3.0;
				TEST_HOST = "$(BUILT_PRODUCTS_DIR)/GitHubSearchApp.app/GitHubSearchApp";
			};
			name = Release;
		};
		8CA0DE651E6A6BFD00ACE628 /* Debug */ = {
			isa = XCBuildConfiguration;
			buildSettings = {
				ALWAYS_EMBED_SWIFT_STANDARD_LIBRARIES = YES;
				INFOPLIST_FILE = GitHubSearchAppUITests/Info.plist;
				LD_RUNPATH_SEARCH_PATHS = "$(inherited) @executable_path/Frameworks @loader_path/Frameworks";
				PRODUCT_BUNDLE_IDENTIFIER = com.example.GitHubSearchAppUITests;
				PRODUCT_NAME = "$(TARGET_NAME)";
				SWIFT_VERSION = 3.0;
				TEST_TARGET_NAME = GitHubSearchApp;
			};
			name = Debug;
		};
		8CA0DE661E6A6BFD00ACE628 /* Release */ = {
			isa = XCBuildConfiguration;
			buildSettings = {
				ALWAYS_EMBED_SWIFT_STANDARD_LIBRARIES = YES;
				INFOPLIST_FILE = GitHubSearchAppUITests/Info.plist;
				LD_RUNPATH_SEARCH_PATHS = "$(inherited) @executable_path/Frameworks @loader_path/Frameworks";
				PRODUCT_BUNDLE_IDENTIFIER = com.example.GitHubSearchAppUITests;
				PRODUCT_NAME = "$(TARGET_NAME)";
				SWIFT_VERSION = 3.0;
				TEST_TARGET_NAME = GitHubSearchApp;
			};
			name = Release;
		};
/* End XCBuildConfiguration section */

/* Begin XCConfigurationList section */
		8CA0DE311E6A6BFC00ACE628 /* Build configuration list for PBXProject "GitHubSearchApp" */ = {
			isa = XCConfigurationList;
			buildConfigurations = (
				8CA0DE5C1E6A6BFD00ACE628 /* Debug */,
				8CA0DE5D1E6A6BFD00ACE628 /* Release */,
			);
			defaultConfigurationIsVisible = 0;
			defaultConfigurationName = Release;
		};
		8CA0DE5E1E6A6BFD00ACE628 /* Build configuration list for PBXNativeTarget "GitHubSearchApp" */ = {
			isa = XCConfigurationList;
			buildConfigurations = (
				8CA0DE5F1E6A6BFD00ACE628 /* Debug */,
				8CA0DE601E6A6BFD00ACE628 /* Release */,
			);
			defaultConfigurationIsVisible = 0;
			defaultConfigurationName = Release;
		};
		8CA0DE611E6A6BFD00ACE628 /* Build configuration list for PBXNativeTarget "GitHubSearchAppTests" */ = {
			isa = XCConfigurationList;
			buildConfigurations = (
				8CA0DE621E6A6BFD00ACE628 /* Debug */,
				8CA0DE631E6A6BFD00ACE628 /* Release */,
			);
			defaultConfigurationIsVisible = 0;
			defaultConfigurationName = Release;
		};
		8CA0DE641E6A6BFD00ACE628 /* Build configuration list for PBXNativeTarget "GitHubSearchAppUITests" */ = {
			isa = XCConfigurationList;
			buildConfigurations = (
				8CA0DE651E6A6BFD00ACE628 /* Debug */,
				8CA0DE661E6A6BFD00ACE628 /* Release */,
			);
			defaultConfigurationIsVisible = 0;
			defaultConfigurationName = Release;
		};
/* End XCConfigurationList section */
	};
	rootObject = 8CA0DE2E1E6A6BFC00ACE628 /* Project object */;
}
